# THIS IS AN AUTOGENERATED FILE. DO NOT EDIT THIS FILE DIRECTLY.
# yarn lockfile v1


"@polymer/polymer@next":
  version "3.0.0-pre.12"
  resolved "https://registry.yarnpkg.com/@polymer/polymer/-/polymer-3.0.0-pre.12.tgz#3f5dd19099a194bf1066cf417ae13c335bd63b04"
  dependencies:
    "@webcomponents/shadycss" "^1.0.0"
    "@webcomponents/webcomponentsjs" "^1.0.0"

"@webcomponents/shadycss@^1.0.0":
  version "1.1.3"
  resolved "https://registry.yarnpkg.com/@webcomponents/shadycss/-/shadycss-1.1.3.tgz#6d4c7d2d842de9dba1b3ac5cc051938b8439c043"

"@webcomponents/webcomponentsjs@^1.0.0":
  version "1.2.0"
  resolved "https://registry.yarnpkg.com/@webcomponents/webcomponentsjs/-/webcomponentsjs-1.2.0.tgz#c9e129340c3e4637f5fa6505e968e85face7bd5b"
