# THIS IS AN AUTOGENERATED FILE. DO NOT EDIT THIS FILE DIRECTLY.
# yarn lockfile v1


"@rapid-build-ui/base@^0.0.11":
  version "0.0.11"
  resolved "https://registry.yarnpkg.com/@rapid-build-ui/base/-/base-0.0.11.tgz#c68cbc86192bedea55ab5919e16c30d06b48cc7d"
  integrity sha512-TdposTc4oNY+QWIumOS729Z90jrRFLl72glmSrh6oE8noOuWyVkDFNPBuep2ojiDqVa92T7WBN8Wuxu8NX8edw==
  dependencies:
    lit-html "^1.1.1"
    skatejs "^5.2.4"

"@rapid-build-ui/form-control@^0.0.10":
  version "0.0.10"
  resolved "https://registry.yarnpkg.com/@rapid-build-ui/form-control/-/form-control-0.0.10.tgz#0d95ed9f8a28b395f4b21f43dc509ea43cb0b3f2"
  integrity sha512-BtCtSzGCESNf0wy9MOkVQLWDG74t8fGBTAK7goWMOlrak57znjQVFSyj6XmxDAbVP8sAG3szC98DkIn+3Vz2Uw==
  dependencies:
    "@rapid-build-ui/base" "^0.0.11"

"@rapid-build-ui/rb-button@^0.0.18":
  version "0.0.18"
  resolved "https://registry.yarnpkg.com/@rapid-build-ui/rb-button/-/rb-button-0.0.18.tgz#55e6a1987482df70b01cba4e8b8d489ea9537172"
  integrity sha512-uAFs5HvFXP1kYBepjity8BXpxZ5uD8YfZWiOUY9jeOhR+LrfBVaIR/z9jBCwVe3lPxc0aypVTjuTwksr6P4GAw==
  dependencies:
    "@rapid-build-ui/base" "^0.0.11"
    "@rapid-build-ui/rb-icon" "^0.0.16"

"@rapid-build-ui/rb-icon@^0.0.16":
  version "0.0.16"
  resolved "https://registry.yarnpkg.com/@rapid-build-ui/rb-icon/-/rb-icon-0.0.16.tgz#10b30e0707c4c64e2ffd68ac1d7865efb8ace40c"
  integrity sha512-kqVz9ldnuXpcxahMJOwCecfkVcWFAclYCdvXuyTETwlZMQMGdNI50d6GXSK5wmREmmtIb7c6aLuEe7ac6FYNhg==
  dependencies:
    "@rapid-build-ui/base" "^0.0.11"

"@rapid-build-ui/rb-popover@^0.0.18":
  version "0.0.18"
  resolved "https://registry.yarnpkg.com/@rapid-build-ui/rb-popover/-/rb-popover-0.0.18.tgz#3c615cf987010e78d6d6e6f9e543d474bed06438"
  integrity sha512-TOLhYZnkLi2JBGWjVASfYa5uDPLHR9ZtFDqlDWncFP0iY95Fd8hLuQSvJRTnJKA6PcrxKj/G919z7flSd5eDmw==
  dependencies:
    "@rapid-build-ui/base" "^0.0.11"
    "@rapid-build-ui/rb-button" "^0.0.18"

lit-html@^1.1.1:
  version "1.1.1"
  resolved "https://registry.yarnpkg.com/lit-html/-/lit-html-1.1.1.tgz#186ed6abcc70c0d24e1132b37411c3b2645ed1aa"
  integrity sha512-1WqhkPpj+CKwLRXCCbyRGnWkcFKE4ft2+j8C2zaXwFUK9I2vYDzTuDGPh0H9hZcDBEwoe6YpPC8AO5734EPORQ==

skatejs@^5.2.4:
  version "5.2.4"
  resolved "https://registry.yarnpkg.com/skatejs/-/skatejs-5.2.4.tgz#945f1451ffb2ed801d19e9baa03f0a259eb84e9e"
  integrity sha512-Ygd4bB6VTiSFeVpry9R/EWej+/PGrYhO1eMMwsxDaBLMkzXfZRm0CHvggb7RAMEr0VCMc5cBt58I6IU0q6GLvw==
